
Microsoft Visual Studio Solution File, Format Version 12.00
# Visual Studio Version 17
VisualStudioVersion = 17.8.34330.188
MinimumVisualStudioVersion = 10.0.40219.1
Project("{9A19103F-16F7-4668-BE54-9A1E7A4F7556}") = "if-else-part3", "if-else-part3.csproj", "{4781A77C-B000-4032-87D2-D2D4860B48A3}"
EndProject
Global
	GlobalSection(SolutionConfigurationPlatforms) = preSolution
		Debug|Any CPU = Debug|Any CPU
		Release|Any CPU = Release|Any CPU
	EndGlobalSection
	GlobalSection(ProjectConfigurationPlatforms) = postSolution
		{4781A77C-B000-4032-87D2-D2D4860B48A3}.Debug|Any CPU.ActiveCfg = Debug|Any CPU
		{4781A77C-B000-4032-87D2-D2D4860B48A3}.Debug|Any CPU.Build.0 = Debug|Any CPU
		{4781A77C-B000-4032-87D2-D2D4860B48A3}.Release|Any CPU.ActiveCfg = Release|Any CPU
		{4781A77C-B000-4032-87D2-D2D4860B48A3}.Release|Any CPU.Build.0 = Release|Any CPU
	EndGlobalSection
	GlobalSection(SolutionProperties) = preSolution
		HideSolutionNode = FALSE
	EndGlobalSection
	GlobalSection(ExtensibilityGlobals) = postSolution
		SolutionGuid = {A9BF4B46-0929-4425-B8BA-E18E7759AFE2}
	EndGlobalSection
EndGlobal
