
Microsoft Visual Studio Solution File, Format Version 12.00
# Visual Studio Version 17
VisualStudioVersion = 17.8.34330.188
MinimumVisualStudioVersion = 10.0.40219.1
Project("{FAE04EC0-301F-11D3-BF4B-00C04F79EFBC}") = "ifelse-part 7", "ifelse-part 7\ifelse-part 7.csproj", "{3C7E4346-CA05-4E26-946A-C494DCC318A0}"
EndProject
Global
	GlobalSection(SolutionConfigurationPlatforms) = preSolution
		Debug|Any CPU = Debug|Any CPU
		Release|Any CPU = Release|Any CPU
	EndGlobalSection
	GlobalSection(ProjectConfigurationPlatforms) = postSolution
		{3C7E4346-CA05-4E26-946A-C494DCC318A0}.Debug|Any CPU.ActiveCfg = Debug|Any CPU
		{3C7E4346-CA05-4E26-946A-C494DCC318A0}.Debug|Any CPU.Build.0 = Debug|Any CPU
		{3C7E4346-CA05-4E26-946A-C494DCC318A0}.Release|Any CPU.ActiveCfg = Release|Any CPU
		{3C7E4346-CA05-4E26-946A-C494DCC318A0}.Release|Any CPU.Build.0 = Release|Any CPU
	EndGlobalSection
	GlobalSection(SolutionProperties) = preSolution
		HideSolutionNode = FALSE
	EndGlobalSection
	GlobalSection(ExtensibilityGlobals) = postSolution
		SolutionGuid = {D289969C-4874-4CEE-91CB-D1538CC151CD}
	EndGlobalSection
EndGlobal
